// !$*UTF8*$!
{
	archiveVersion = 1;
	classes = {
	};
	objectVersion = 77;
	objects = {

/* Begin PBXBuildFile section */
		4502C9A52D7F647000B3CAE3 /* UltraviolenceExamples in Frameworks */ = {isa = PBXBuildFile; productRef = 4502C9A42D7F647000B3CAE3 /* UltraviolenceExamples */; };
		450B4C842D7FCAEB0051CFE4 /* AsyncAlgorithms in Frameworks */ = {isa = PBXBuildFile; productRef = 450B4C832D7FCAEB0051CFE4 /* AsyncAlgorithms */; };
/* End PBXBuildFile section */

/* Begin PBXFileReference section */
		455C19052CD483FC009A25A6 /* UltraviolenceDemo.app */ = {isa = PBXFileReference; explicitFileType = wrapper.application; includeInIndex = 0; path = UltraviolenceDemo.app; sourceTree = BUILT_PRODUCTS_DIR; };
		45D660672D8377EA00CD91F5 /* Project-Debug.xcconfig */ = {isa = PBXFileReference; lastKnownFileType = text.xcconfig; path = "Project-Debug.xcconfig"; sourceTree = "<group>"; };
		45D660682D8377EA00CD91F5 /* Project-Release.xcconfig */ = {isa = PBXFileReference; lastKnownFileType = text.xcconfig; path = "Project-Release.xcconfig"; sourceTree = "<group>"; };
		45D660692D8377EA00CD91F5 /* Project-Shared.xcconfig */ = {isa = PBXFileReference; lastKnownFileType = text.xcconfig; path = "Project-Shared.xcconfig"; sourceTree = "<group>"; };
		45D6606A2D8377EA00CD91F5 /* UltraviolenceDemo-Debug.xcconfig */ = {isa = PBXFileReference; lastKnownFileType = text.xcconfig; path = "UltraviolenceDemo-Debug.xcconfig"; sourceTree = "<group>"; };
		45D6606B2D8377EA00CD91F5 /* UltraviolenceDemo-Release.xcconfig */ = {isa = PBXFileReference; lastKnownFileType = text.xcconfig; path = "UltraviolenceDemo-Release.xcconfig"; sourceTree = "<group>"; };
		45D6606C2D8377EA00CD91F5 /* UltraviolenceDemo-Shared.xcconfig */ = {isa = PBXFileReference; lastKnownFileType = text.xcconfig; path = "UltraviolenceDemo-Shared.xcconfig"; sourceTree = "<group>"; };
/* End PBXFileReference section */

/* Begin PBXFileSystemSynchronizedBuildFileExceptionSet section */
		451A024A2D7F62C700909A2F /* Exceptions for "Packages" folder in "UltraviolenceDemo" target */ = {
			isa = PBXFileSystemSynchronizedBuildFileExceptionSet;
			membershipExceptions = (
				UltraviolenceExamples,
			);
			target = 455C19042CD483FC009A25A6 /* UltraviolenceDemo */;
		};
/* End PBXFileSystemSynchronizedBuildFileExceptionSet section */

/* Begin PBXFileSystemSynchronizedRootGroup section */
		451A02482D7F62A200909A2F /* Packages */ = {
			isa = PBXFileSystemSynchronizedRootGroup;
			exceptions = (
				451A024A2D7F62C700909A2F /* Exceptions for "Packages" folder in "UltraviolenceDemo" target */,
			);
			path = Packages;
			sourceTree = "<group>";
		};
		455C19072CD483FC009A25A6 /* UltraviolenceDemo */ = {
			isa = PBXFileSystemSynchronizedRootGroup;
			path = UltraviolenceDemo;
			sourceTree = "<group>";
		};
/* End PBXFileSystemSynchronizedRootGroup section */

/* Begin PBXFrameworksBuildPhase section */
		455C19022CD483FC009A25A6 /* Frameworks */ = {
			isa = PBXFrameworksBuildPhase;
			buildActionMask = 2147483647;
			files = (
				4502C9A52D7F647000B3CAE3 /* UltraviolenceExamples in Frameworks */,
				450B4C842D7FCAEB0051CFE4 /* AsyncAlgorithms in Frameworks */,
			);
			runOnlyForDeploymentPostprocessing = 0;
		};
/* End PBXFrameworksBuildPhase section */

/* Begin PBXGroup section */
		455C18FC2CD483FC009A25A6 = {
			isa = PBXGroup;
			children = (
				45D6606D2D8377EA00CD91F5 /* xcconfig */,
				455C19072CD483FC009A25A6 /* UltraviolenceDemo */,
				451A02482D7F62A200909A2F /* Packages */,
				455C19062CD483FC009A25A6 /* Products */,
			);
			sourceTree = "<group>";
		};
		455C19062CD483FC009A25A6 /* Products */ = {
			isa = PBXGroup;
			children = (
				455C19052CD483FC009A25A6 /* UltraviolenceDemo.app */,
			);
			name = Products;
			sourceTree = "<group>";
		};
		45D6606D2D8377EA00CD91F5 /* xcconfig */ = {
			isa = PBXGroup;
			children = (
				45D660672D8377EA00CD91F5 /* Project-Debug.xcconfig */,
				45D660682D8377EA00CD91F5 /* Project-Release.xcconfig */,
				45D660692D8377EA00CD91F5 /* Project-Shared.xcconfig */,
				45D6606A2D8377EA00CD91F5 /* UltraviolenceDemo-Debug.xcconfig */,
				45D6606B2D8377EA00CD91F5 /* UltraviolenceDemo-Release.xcconfig */,
				45D6606C2D8377EA00CD91F5 /* UltraviolenceDemo-Shared.xcconfig */,
			);
			path = xcconfig;
			sourceTree = "<group>";
		};
/* End PBXGroup section */

/* Begin PBXNativeTarget section */
		455C19042CD483FC009A25A6 /* UltraviolenceDemo */ = {
			isa = PBXNativeTarget;
			buildConfigurationList = 455C192A2CD483FD009A25A6 /* Build configuration list for PBXNativeTarget "UltraviolenceDemo" */;
			buildPhases = (
				455C19012CD483FC009A25A6 /* Sources */,
				455C19022CD483FC009A25A6 /* Frameworks */,
				455C19032CD483FC009A25A6 /* Resources */,
				45F58E2A2CD956C6006C2237 /* swiftlint */,
			);
			buildRules = (
			);
			dependencies = (
			);
			fileSystemSynchronizedGroups = (
				451A02482D7F62A200909A2F /* Packages */,
				455C19072CD483FC009A25A6 /* UltraviolenceDemo */,
			);
			name = UltraviolenceDemo;
			packageProductDependencies = (
				4502C9A42D7F647000B3CAE3 /* UltraviolenceExamples */,
				450B4C832D7FCAEB0051CFE4 /* AsyncAlgorithms */,
			);
			productName = UltraviolenceDemo;
			productReference = 455C19052CD483FC009A25A6 /* UltraviolenceDemo.app */;
			productType = "com.apple.product-type.application";
		};
/* End PBXNativeTarget section */

/* Begin PBXProject section */
		455C18FD2CD483FC009A25A6 /* Project object */ = {
			isa = PBXProject;
			attributes = {
				BuildIndependentTargetsInParallel = 1;
				LastSwiftUpdateCheck = 1610;
				LastUpgradeCheck = 1620;
				TargetAttributes = {
					455C19042CD483FC009A25A6 = {
						CreatedOnToolsVersion = 16.1;
					};
				};
			};
			buildConfigurationList = 455C19002CD483FC009A25A6 /* Build configuration list for PBXProject "UltraviolenceDemo" */;
			developmentRegion = en;
			hasScannedForEncodings = 0;
			knownRegions = (
				en,
				Base,
			);
			mainGroup = 455C18FC2CD483FC009A25A6;
			minimizedProjectReferenceProxies = 1;
			packageReferences = (
				450B4C822D7FCAEB0051CFE4 /* XCRemoteSwiftPackageReference "swift-async-algorithms" */,
			);
			preferredProjectObjectVersion = 77;
			productRefGroup = 455C19062CD483FC009A25A6 /* Products */;
			projectDirPath = "";
			projectRoot = "";
			targets = (
				455C19042CD483FC009A25A6 /* UltraviolenceDemo */,
			);
		};
/* End PBXProject section */

/* Begin PBXResourcesBuildPhase section */
		455C19032CD483FC009A25A6 /* Resources */ = {
			isa = PBXResourcesBuildPhase;
			buildActionMask = 2147483647;
			files = (
			);
			runOnlyForDeploymentPostprocessing = 0;
		};
/* End PBXResourcesBuildPhase section */

/* Begin PBXShellScriptBuildPhase section */
		45F58E2A2CD956C6006C2237 /* swiftlint */ = {
			isa = PBXShellScriptBuildPhase;
			alwaysOutOfDate = 1;
			buildActionMask = 2147483647;
			files = (
			);
			inputFileListPaths = (
			);
			inputPaths = (
			);
			name = swiftlint;
			outputFileListPaths = (
			);
			outputPaths = (
			);
			runOnlyForDeploymentPostprocessing = 0;
			shellPath = /bin/sh;
			shellScript = "#!/bin/bash\n\nswiftlint_paths=(\n    /opt/homebrew/bin/swiftlint\n    /usr/local/bin/swiftlint\n    /usr/bin/swiftlint\n)\n\ncd ..\nfor path in \"${swiftlint_paths[@]}\"\ndo\n    if [ -x \"$path\" ]; then\n        echo \"Linting with $path at $PWD\"\n        \"$path\" --quiet\n        echo \"Linting done.\"\n        exit 0\n    fi\ndone\n\necho \"WARNING: swiftlint not found in the specified locations.\"\nexit 0\n";
			showEnvVarsInLog = 0;
		};
/* End PBXShellScriptBuildPhase section */

/* Begin PBXSourcesBuildPhase section */
		455C19012CD483FC009A25A6 /* Sources */ = {
			isa = PBXSourcesBuildPhase;
			buildActionMask = 2147483647;
			files = (
			);
			runOnlyForDeploymentPostprocessing = 0;
		};
/* End PBXSourcesBuildPhase section */

/* Begin XCBuildConfiguration section */
		455C19282CD483FD009A25A6 /* Debug */ = {
			isa = XCBuildConfiguration;
			baseConfigurationReference = 45D660672D8377EA00CD91F5 /* Project-Debug.xcconfig */;
			buildSettings = {
			};
			name = Debug;
		};
		455C19292CD483FD009A25A6 /* Release */ = {
			isa = XCBuildConfiguration;
			baseConfigurationReference = 45D660682D8377EA00CD91F5 /* Project-Release.xcconfig */;
			buildSettings = {
			};
			name = Release;
		};
		455C192B2CD483FD009A25A6 /* Debug */ = {
			isa = XCBuildConfiguration;
			baseConfigurationReference = 45D6606A2D8377EA00CD91F5 /* UltraviolenceDemo-Debug.xcconfig */;
			buildSettings = {
			};
			name = Debug;
		};
		455C192C2CD483FD009A25A6 /* Release */ = {
			isa = XCBuildConfiguration;
			baseConfigurationReference = 45D6606B2D8377EA00CD91F5 /* UltraviolenceDemo-Release.xcconfig */;
			buildSettings = {
			};
			name = Release;
		};
/* End XCBuildConfiguration section */

/* Begin XCConfigurationList section */
		455C19002CD483FC009A25A6 /* Build configuration list for PBXProject "UltraviolenceDemo" */ = {
			isa = XCConfigurationList;
			buildConfigurations = (
				455C19282CD483FD009A25A6 /* Debug */,
				455C19292CD483FD009A25A6 /* Release */,
			);
			defaultConfigurationIsVisible = 0;
			defaultConfigurationName = Release;
		};
		455C192A2CD483FD009A25A6 /* Build configuration list for PBXNativeTarget "UltraviolenceDemo" */ = {
			isa = XCConfigurationList;
			buildConfigurations = (
				455C192B2CD483FD009A25A6 /* Debug */,
				455C192C2CD483FD009A25A6 /* Release */,
			);
			defaultConfigurationIsVisible = 0;
			defaultConfigurationName = Release;
		};
/* End XCConfigurationList section */

/* Begin XCRemoteSwiftPackageReference section */
		450B4C822D7FCAEB0051CFE4 /* XCRemoteSwiftPackageReference "swift-async-algorithms" */ = {
			isa = XCRemoteSwiftPackageReference;
			repositoryURL = "https://github.com/apple/swift-async-algorithms.git";
			requirement = {
				kind = upToNextMajorVersion;
				minimumVersion = 1.0.3;
			};
		};
/* End XCRemoteSwiftPackageReference section */

/* Begin XCSwiftPackageProductDependency section */
		4502C9A42D7F647000B3CAE3 /* UltraviolenceExamples */ = {
			isa = XCSwiftPackageProductDependency;
			productName = UltraviolenceExamples;
		};
		450B4C832D7FCAEB0051CFE4 /* AsyncAlgorithms */ = {
			isa = XCSwiftPackageProductDependency;
			package = 450B4C822D7FCAEB0051CFE4 /* XCRemoteSwiftPackageReference "swift-async-algorithms" */;
			productName = AsyncAlgorithms;
		};
/* End XCSwiftPackageProductDependency section */
	};
	rootObject = 455C18FD2CD483FC009A25A6 /* Project object */;
}
