{
  "originHash" : "c8ea33e65285d564364d084db4feb9bdd002806c02c93423d0a8add42b5d2e4f",
  "pins" : [
    {
      "identity" : "demokit",
      "kind" : "remoteSourceControl",
      "location" : "https://github.com/schwa/DemoKit",
      "state" : {
        "revision" : "abf12ec5910b9ec7b18f72c65f09a107895a43d4",
        "version" : "0.1.0"
      }
    },
    {
      "identity" : "metalcompilerplugin",
      "kind" : "remoteSourceControl",
      "location" : "https://github.com/schwa/MetalCompilerPlugin",
      "state" : {
        "revision" : "1db3b5dcabd648e0316f3a472646e72af24a5bde",
        "version" : "0.1.0"
      }
    },
    {
      "identity" : "swift-async-algorithms",
      "kind" : "remoteSourceControl",
      "location" : "https://github.com/apple/swift-async-algorithms.git",
      "state" : {
        "revision" : "4c3ea81f81f0a25d0470188459c6d4bf20cf2f97",
        "version" : "1.0.3"
      }
    },
    {
      "identity" : "swift-collections",
      "kind" : "remoteSourceControl",
      "location" : "https://github.com/apple/swift-collections.git",
      "state" : {
        "revision" : "671108c96644956dddcd89dd59c203dcdb36cec7",
        "version" : "1.1.4"
      }
    },
    {
      "identity" : "swift-syntax",
      "kind" : "remoteSourceControl",
      "location" : "https://github.com/swiftlang/swift-syntax.git",
      "state" : {
        "revision" : "0687f71944021d616d34d922343dcef086855920",
        "version" : "600.0.1"
      }
    }
  ],
  "version" : 3
}
