{
  "originHash" : "c8ea33e65285d564364d084db4feb9bdd002806c02c93423d0a8add42b5d2e4f",
  "pins" : [
    {
      "identity" : "demokit",
      "kind" : "remoteSourceControl",
      "location" : "https://github.com/schwa/DemoKit",
      "state" : {
        "revision" : "abf12ec5910b9ec7b18f72c65f09a107895a43d4",
        "version" : "0.1.0"
      }
    },
    {
      "identity" : "geometrylite3d",
      "kind" : "remoteSourceControl",
      "location" : "https://github.com/schwa/GeometryLite3D",
      "state" : {
        "branch" : "main",
        "revision" : "59e3663e6a6668a5b25cb7bfb5da54dfad1ed8ab"
      }
    },
    {
      "identity" : "metalcompilerplugin",
      "kind" : "remoteSourceControl",
      "location" : "https://github.com/schwa/MetalCompilerPlugin",
      "state" : {
        "revision" : "1db3b5dcabd648e0316f3a472646e72af24a5bde",
        "version" : "0.1.0"
      }
    },
    {
      "identity" : "panels",
      "kind" : "remoteSourceControl",
      "location" : "https://github.com/schwa/Panels",
      "state" : {
        "branch" : "main",
        "revision" : "cc70504f14f77a44864d8ed7d2508556d8ff3252"
      }
    },
    {
      "identity" : "swift-async-algorithms",
      "kind" : "remoteSourceControl",
      "location" : "https://github.com/apple/swift-async-algorithms.git",
      "state" : {
        "revision" : "042e1c4d9d19748c9c228f8d4ebc97bb1e339b0b",
        "version" : "1.0.4"
      }
    },
    {
      "identity" : "swift-collections",
      "kind" : "remoteSourceControl",
      "location" : "https://github.com/apple/swift-collections",
      "state" : {
        "revision" : "8c0c0a8b49e080e54e5e328cc552821ff07cd341",
        "version" : "1.2.1"
      }
    },
    {
      "identity" : "swift-syntax",
      "kind" : "remoteSourceControl",
      "location" : "https://github.com/swiftlang/swift-syntax.git",
      "state" : {
        "revision" : "0687f71944021d616d34d922343dcef086855920",
        "version" : "600.0.1"
      }
    },
    {
      "identity" : "swiftgltf",
      "kind" : "remoteSourceControl",
      "location" : "https://github.com/schwa/SwiftGLTF",
      "state" : {
        "branch" : "main",
        "revision" : "4160ed7e89b7cfcccf5ff7a0cbfd5b055fada771"
      }
    }
  ],
  "version" : 3
}
